
Microsoft Visual Studio Solution File, Format Version 12.00
# Visual Studio Version 17
VisualStudioVersion = 17.8.34408.163
MinimumVisualStudioVersion = 10.0.40219.1
Project("{FAE04EC0-301F-11D3-BF4B-00C04F79EFBC}") = "Exploration", "Exploration.csproj", "{D0D900B6-ABE7-4B3D-982D-73548111F4FC}"
EndProject
Global
	GlobalSection(SolutionConfigurationPlatforms) = preSolution
		Debug|Any CPU = Debug|Any CPU
		Release|Any CPU = Release|Any CPU
	EndGlobalSection
	GlobalSection(ProjectConfigurationPlatforms) = postSolution
		{D0D900B6-ABE7-4B3D-982D-73548111F4FC}.Debug|Any CPU.ActiveCfg = Debug|Any CPU
		{D0D900B6-ABE7-4B3D-982D-73548111F4FC}.Debug|Any CPU.Build.0 = Debug|Any CPU
		{D0D900B6-ABE7-4B3D-982D-73548111F4FC}.Release|Any CPU.ActiveCfg = Release|Any CPU
		{D0D900B6-ABE7-4B3D-982D-73548111F4FC}.Release|Any CPU.Build.0 = Release|Any CPU
	EndGlobalSection
	GlobalSection(SolutionProperties) = preSolution
		HideSolutionNode = FALSE
	EndGlobalSection
	GlobalSection(ExtensibilityGlobals) = postSolution
		SolutionGuid = {DB27B3A4-310D-42F1-A39B-7271BE111B25}
	EndGlobalSection
EndGlobal
